
Microsoft Visual Studio Solution File, Format Version 12.00
# Visual Studio Version 16
VisualStudioVersion = 16.0.810.23
MinimumVisualStudioVersion = 10.0.40219.1
Project("{FAE04EC0-301F-11D3-BF4B-00C04F79EFBC}") = "knygosUzduotis", "knygosUzduotis\knygosUzduotis.csproj", "{9C5B6128-69EE-4AF6-A0A1-67F4F3011780}"
EndProject
Global
	GlobalSection(SolutionConfigurationPlatforms) = preSolution
		Debug|Any CPU = Debug|Any CPU
		Release|Any CPU = Release|Any CPU
	EndGlobalSection
	GlobalSection(ProjectConfigurationPlatforms) = postSolution
		{9C5B6128-69EE-4AF6-A0A1-67F4F3011780}.Debug|Any CPU.ActiveCfg = Debug|Any CPU
		{9C5B6128-69EE-4AF6-A0A1-67F4F3011780}.Debug|Any CPU.Build.0 = Debug|Any CPU
		{9C5B6128-69EE-4AF6-A0A1-67F4F3011780}.Release|Any CPU.ActiveCfg = Release|Any CPU
		{9C5B6128-69EE-4AF6-A0A1-67F4F3011780}.Release|Any CPU.Build.0 = Release|Any CPU
	EndGlobalSection
	GlobalSection(SolutionProperties) = preSolution
		HideSolutionNode = FALSE
	EndGlobalSection
	GlobalSection(ExtensibilityGlobals) = postSolution
		SolutionGuid = {152683E2-EFD6-4091-80E7-9EABFB58F6AE}
	EndGlobalSection
EndGlobal
